
Microsoft Visual Studio Solution File, Format Version 12.00
# Visual Studio Version 17
VisualStudioVersion = 17.0.31903.59
MinimumVisualStudioVersion = 10.0.40219.1
Project("{FAE04EC0-301F-11D3-BF4B-00C04F79EFBC}") = "PalindromeService", "PalindromeService\PalindromeService.csproj", "{3232C5C4-CD6E-4DCC-8928-42D6997AD155}"
EndProject
Project("{FAE04EC0-301F-11D3-BF4B-00C04F79EFBC}") = "PalindromeService.Tests", "PalindromeService.Tests\PalindromeService.Tests.csproj", "{0F2807C3-79F5-4E9D-9697-C29F10529C7A}"
EndProject
Global
	GlobalSection(SolutionConfigurationPlatforms) = preSolution
		Debug|Any CPU = Debug|Any CPU
		Debug|x64 = Debug|x64
		Debug|x86 = Debug|x86
		Release|Any CPU = Release|Any CPU
		Release|x64 = Release|x64
		Release|x86 = Release|x86
	EndGlobalSection
	GlobalSection(ProjectConfigurationPlatforms) = postSolution
		{3232C5C4-CD6E-4DCC-8928-42D6997AD155}.Debug|Any CPU.ActiveCfg = Debug|Any CPU
		{3232C5C4-CD6E-4DCC-8928-42D6997AD155}.Debug|Any CPU.Build.0 = Debug|Any CPU
		{3232C5C4-CD6E-4DCC-8928-42D6997AD155}.Debug|x64.ActiveCfg = Debug|Any CPU
		{3232C5C4-CD6E-4DCC-8928-42D6997AD155}.Debug|x64.Build.0 = Debug|Any CPU
		{3232C5C4-CD6E-4DCC-8928-42D6997AD155}.Debug|x86.ActiveCfg = Debug|Any CPU
		{3232C5C4-CD6E-4DCC-8928-42D6997AD155}.Debug|x86.Build.0 = Debug|Any CPU
		{3232C5C4-CD6E-4DCC-8928-42D6997AD155}.Release|Any CPU.ActiveCfg = Release|Any CPU
		{3232C5C4-CD6E-4DCC-8928-42D6997AD155}.Release|Any CPU.Build.0 = Release|Any CPU
		{3232C5C4-CD6E-4DCC-8928-42D6997AD155}.Release|x64.ActiveCfg = Release|Any CPU
		{3232C5C4-CD6E-4DCC-8928-42D6997AD155}.Release|x64.Build.0 = Release|Any CPU
		{3232C5C4-CD6E-4DCC-8928-42D6997AD155}.Release|x86.ActiveCfg = Release|Any CPU
		{3232C5C4-CD6E-4DCC-8928-42D6997AD155}.Release|x86.Build.0 = Release|Any CPU
		{0F2807C3-79F5-4E9D-9697-C29F10529C7A}.Debug|Any CPU.ActiveCfg = Debug|Any CPU
		{0F2807C3-79F5-4E9D-9697-C29F10529C7A}.Debug|Any CPU.Build.0 = Debug|Any CPU
		{0F2807C3-79F5-4E9D-9697-C29F10529C7A}.Debug|x64.ActiveCfg = Debug|Any CPU
		{0F2807C3-79F5-4E9D-9697-C29F10529C7A}.Debug|x64.Build.0 = Debug|Any CPU
		{0F2807C3-79F5-4E9D-9697-C29F10529C7A}.Debug|x86.ActiveCfg = Debug|Any CPU
		{0F2807C3-79F5-4E9D-9697-C29F10529C7A}.Debug|x86.Build.0 = Debug|Any CPU
		{0F2807C3-79F5-4E9D-9697-C29F10529C7A}.Release|Any CPU.ActiveCfg = Release|Any CPU
		{0F2807C3-79F5-4E9D-9697-C29F10529C7A}.Release|Any CPU.Build.0 = Release|Any CPU
		{0F2807C3-79F5-4E9D-9697-C29F10529C7A}.Release|x64.ActiveCfg = Release|Any CPU
		{0F2807C3-79F5-4E9D-9697-C29F10529C7A}.Release|x64.Build.0 = Release|Any CPU
		{0F2807C3-79F5-4E9D-9697-C29F10529C7A}.Release|x86.ActiveCfg = Release|Any CPU
		{0F2807C3-79F5-4E9D-9697-C29F10529C7A}.Release|x86.Build.0 = Release|Any CPU
	EndGlobalSection
	GlobalSection(SolutionProperties) = preSolution
		HideSolutionNode = FALSE
	EndGlobalSection
EndGlobal
